version = 1
revision = 1
requires-python = ">=3.11"
resolution-markers = [
    "python_full_version >= '3.13' and sys_platform == 'win32'",
    "python_full_version >= '3.12.4' and python_full_version < '3.13' and sys_platform == 'win32'",
    "python_full_version >= '3.12' and python_full_version < '3.12.4' and sys_platform == 'win32'",
    "python_full_version < '3.12' and sys_platform == 'win32'",
    "python_full_version >= '3.13' and platform_machine == 'arm64' and sys_platform == 'darwin'",
    "python_full_version >= '3.12.4' and python_full_version < '3.13' and platform_machine == 'arm64' and sys_platform == 'darwin'",
    "python_full_version >= '3.13' and platform_machine == 'aarch64' and sys_platform == 'linux'",
    "python_full_version >= '3.12.4' and python_full_version < '3.13' and platform_machine == 'aarch64' and sys_platform == 'linux'",
    "python_full_version >= '3.13' and platform_machine != 'arm64' and sys_platform == 'darwin'",
    "(python_full_version >= '3.13' and platform_machine != 'aarch64' and sys_platform == 'linux') or (python_full_version >= '3.13' and sys_platform != 'darwin' and sys_platform != 'linux' and sys_platform != 'win32')",
    "python_full_version >= '3.12.4' and python_full_version < '3.13' and platform_machine != 'arm64' and sys_platform == 'darwin'",
    "(python_full_version >= '3.12.4' and python_full_version < '3.13' and platform_machine != 'aarch64' and sys_platform == 'linux') or (python_full_version >= '3.12.4' and python_full_version < '3.13' and sys_platform != 'darwin' and sys_platform != 'linux' and sys_platform != 'win32')",
    "python_full_version >= '3.12' and python_full_version < '3.12.4' and platform_machine == 'arm64' and sys_platform == 'darwin'",
    "python_full_version >= '3.12' and python_full_version < '3.12.4' and platform_machine == 'aarch64' and sys_platform == 'linux'",
    "python_full_version >= '3.12' and python_full_version < '3.12.4' and platform_machine != 'arm64' and sys_platform == 'darwin'",
    "(python_full_version >= '3.12' and python_full_version < '3.12.4' and platform_machine != 'aarch64' and sys_platform == 'linux') or (python_full_version >= '3.12' and python_full_version < '3.12.4' and sys_platform != 'darwin' and sys_platform != 'linux' and sys_platform != 'win32')",
    "python_full_version < '3.12' and platform_machine == 'arm64' and sys_platform == 'darwin'",
    "python_full_version < '3.12' and platform_machine == 'aarch64' and sys_platform == 'linux'",
    "python_full_version < '3.12' and platform_machine != 'arm64' and sys_platform == 'darwin'",
    "(python_full_version < '3.12' and platform_machine != 'aarch64' and sys_platform == 'linux') or (python_full_version < '3.12' and sys_platform != 'darwin' and sys_platform != 'linux' and sys_platform != 'win32')",
]

[[package]]
name = "fcagent"
version = "0.1.0"
source = { virtual = "." }
